PODS:
  - OMGHTTPURLRQ/UserAgent (3.1.2)
  - TDOAuth (1.1.2):
    - OMGHTTPURLRQ/UserAgent

DEPENDENCIES:
  - TDOAuth (~> 1.1)

SPEC CHECKSUMS:
  OMGHTTPURLRQ: 38316b56d88125c600bcdb16df8329147da2b0ee
  TDOAuth: f7e356e834295b83c7b5066ee72a30f128c5f722

PODFILE CHECKSUM: b001539bf8d0291010496698499e2daa3d031e81

COCOAPODS: 1.0.0
